
Microsoft Visual Studio Solution File, Format Version 12.00
# Visual Studio Version 16
VisualStudioVersion = 16.0.30611.23
MinimumVisualStudioVersion = 10.0.40219.1
Project("{FAE04EC0-301F-11D3-BF4B-00C04F79EFBC}") = "GuceraTeam9", "GuceraTeam9\GuceraTeam9.csproj", "{07594C6B-C958-4E65-951E-4AE9ECF04BA2}"
EndProject
Global
	GlobalSection(SolutionConfigurationPlatforms) = preSolution
		Debug|Any CPU = Debug|Any CPU
		Release|Any CPU = Release|Any CPU
	EndGlobalSection
	GlobalSection(ProjectConfigurationPlatforms) = postSolution
		{07594C6B-C958-4E65-951E-4AE9ECF04BA2}.Debug|Any CPU.ActiveCfg = Debug|Any CPU
		{07594C6B-C958-4E65-951E-4AE9ECF04BA2}.Debug|Any CPU.Build.0 = Debug|Any CPU
		{07594C6B-C958-4E65-951E-4AE9ECF04BA2}.Release|Any CPU.ActiveCfg = Release|Any CPU
		{07594C6B-C958-4E65-951E-4AE9ECF04BA2}.Release|Any CPU.Build.0 = Release|Any CPU
	EndGlobalSection
	GlobalSection(SolutionProperties) = preSolution
		HideSolutionNode = FALSE
	EndGlobalSection
	GlobalSection(ExtensibilityGlobals) = postSolution
		SolutionGuid = {D4AD6469-0F8F-4199-A46D-EC5102C1F01A}
	EndGlobalSection
EndGlobal
